
Microsoft Visual Studio Solution File, Format Version 12.00
# Visual Studio Version 17
VisualStudioVersion = 17.14.36221.1
MinimumVisualStudioVersion = 10.0.40219.1
Project("{FAE04EC0-301F-11D3-BF4B-00C04F79EFBC}") = "Formanez-Bringcola", "Formanez-Bringcola.csproj", "{17CB547A-19A0-450C-8061-B551F7433F95}"
EndProject
Global
	GlobalSection(SolutionConfigurationPlatforms) = preSolution
		Debug|Any CPU = Debug|Any CPU
		Release|Any CPU = Release|Any CPU
	EndGlobalSection
	GlobalSection(ProjectConfigurationPlatforms) = postSolution
		{17CB547A-19A0-450C-8061-B551F7433F95}.Debug|Any CPU.ActiveCfg = Debug|Any CPU
		{17CB547A-19A0-450C-8061-B551F7433F95}.Debug|Any CPU.Build.0 = Debug|Any CPU
		{17CB547A-19A0-450C-8061-B551F7433F95}.Release|Any CPU.ActiveCfg = Release|Any CPU
		{17CB547A-19A0-450C-8061-B551F7433F95}.Release|Any CPU.Build.0 = Release|Any CPU
	EndGlobalSection
	GlobalSection(SolutionProperties) = preSolution
		HideSolutionNode = FALSE
	EndGlobalSection
	GlobalSection(ExtensibilityGlobals) = postSolution
		SolutionGuid = {1821181B-C74E-486C-B852-BB6265D7916D}
	EndGlobalSection
EndGlobal
